
Microsoft Visual Studio Solution File, Format Version 12.00
# Visual Studio 15
VisualStudioVersion = 15.0.28010.2036
MinimumVisualStudioVersion = 10.0.40219.1
Project("{FAE04EC0-301F-11D3-BF4B-00C04F79EFBC}") = "ClassLib-Registo", "ClassLib-Registo\ClassLib-Registo.csproj", "{B9B4D0F5-E1A9-42CB-A0D4-EB3AD816C798}"
EndProject
Global
	GlobalSection(SolutionConfigurationPlatforms) = preSolution
		Debug|Any CPU = Debug|Any CPU
		Release|Any CPU = Release|Any CPU
	EndGlobalSection
	GlobalSection(ProjectConfigurationPlatforms) = postSolution
		{B9B4D0F5-E1A9-42CB-A0D4-EB3AD816C798}.Debug|Any CPU.ActiveCfg = Debug|Any CPU
		{B9B4D0F5-E1A9-42CB-A0D4-EB3AD816C798}.Debug|Any CPU.Build.0 = Debug|Any CPU
		{B9B4D0F5-E1A9-42CB-A0D4-EB3AD816C798}.Release|Any CPU.ActiveCfg = Release|Any CPU
		{B9B4D0F5-E1A9-42CB-A0D4-EB3AD816C798}.Release|Any CPU.Build.0 = Release|Any CPU
	EndGlobalSection
	GlobalSection(SolutionProperties) = preSolution
		HideSolutionNode = FALSE
	EndGlobalSection
	GlobalSection(ExtensibilityGlobals) = postSolution
		SolutionGuid = {14CF09BA-481F-41FD-B4B6-03A4B2311607}
	EndGlobalSection
EndGlobal
